dependencies:
- name: kafka
  repository: http://storage.googleapis.com/kubernetes-charts-incubator
  version: 0.20.7
- name: redis
  repository: https://kubernetes-charts.storage.googleapis.com/
  version: 10.3.4
- name: dotnetcore-api
  repository: http://127.0.0.1:8879/charts
  version: 1.0.0
digest: sha256:b117498c6ec93f4b9ec78750e19c462914239232b080195fcecee8f731177642
generated: "2020-02-02T14:33:29.539854+01:00"
